
Microsoft Visual Studio Solution File, Format Version 11.00
# Visual Studio 2010
Project("{8BC9CEB8-8B4A-11D0-8D11-00A0C91BC942}") = "LibAdder", "LibAdder\LibAdder.vcxproj", "{34D6C6A0-7E54-4B0C-AA4A-EE677B699371}"
EndProject
Project("{8BC9CEB8-8B4A-11D0-8D11-00A0C91BC942}") = "TestLibAdder", "TestLibAdder\TestLibAdder.vcxproj", "{71BB8332-981D-445A-A1AC-F460004C8C00}"
EndProject
Project("{8BC9CEB8-8B4A-11D0-8D11-00A0C91BC942}") = "LibAdderCS", "LibAdderCS\LibAdderCS.vcxproj", "{A470989E-579C-4EE7-9BEA-BB10438969A9}"
EndProject
Project("{FAE04EC0-301F-11D3-BF4B-00C04F79EFBC}") = "TestLibAdderCS", "TestLibAdderCS\TestLibAdderCS.csproj", "{7DE17B49-2852-4957-91F6-8C335A1C389E}"
EndProject
Global
	GlobalSection(SolutionConfigurationPlatforms) = preSolution
		Debug|Mixed Platforms = Debug|Mixed Platforms
		Debug|Win32 = Debug|Win32
		Debug|x86 = Debug|x86
		Release|Mixed Platforms = Release|Mixed Platforms
		Release|Win32 = Release|Win32
		Release|x86 = Release|x86
	EndGlobalSection
	GlobalSection(ProjectConfigurationPlatforms) = postSolution
		{34D6C6A0-7E54-4B0C-AA4A-EE677B699371}.Debug|Mixed Platforms.ActiveCfg = Debug|Win32
		{34D6C6A0-7E54-4B0C-AA4A-EE677B699371}.Debug|Mixed Platforms.Build.0 = Debug|Win32
		{34D6C6A0-7E54-4B0C-AA4A-EE677B699371}.Debug|Win32.ActiveCfg = Debug|Win32
		{34D6C6A0-7E54-4B0C-AA4A-EE677B699371}.Debug|Win32.Build.0 = Debug|Win32
		{34D6C6A0-7E54-4B0C-AA4A-EE677B699371}.Debug|x86.ActiveCfg = Debug|Win32
		{34D6C6A0-7E54-4B0C-AA4A-EE677B699371}.Release|Mixed Platforms.ActiveCfg = Release|Win32
		{34D6C6A0-7E54-4B0C-AA4A-EE677B699371}.Release|Mixed Platforms.Build.0 = Release|Win32
		{34D6C6A0-7E54-4B0C-AA4A-EE677B699371}.Release|Win32.ActiveCfg = Release|Win32
		{34D6C6A0-7E54-4B0C-AA4A-EE677B699371}.Release|Win32.Build.0 = Release|Win32
		{34D6C6A0-7E54-4B0C-AA4A-EE677B699371}.Release|x86.ActiveCfg = Release|Win32
		{71BB8332-981D-445A-A1AC-F460004C8C00}.Debug|Mixed Platforms.ActiveCfg = Debug|Win32
		{71BB8332-981D-445A-A1AC-F460004C8C00}.Debug|Mixed Platforms.Build.0 = Debug|Win32
		{71BB8332-981D-445A-A1AC-F460004C8C00}.Debug|Win32.ActiveCfg = Debug|Win32
		{71BB8332-981D-445A-A1AC-F460004C8C00}.Debug|Win32.Build.0 = Debug|Win32
		{71BB8332-981D-445A-A1AC-F460004C8C00}.Debug|x86.ActiveCfg = Debug|Win32
		{71BB8332-981D-445A-A1AC-F460004C8C00}.Release|Mixed Platforms.ActiveCfg = Release|Win32
		{71BB8332-981D-445A-A1AC-F460004C8C00}.Release|Mixed Platforms.Build.0 = Release|Win32
		{71BB8332-981D-445A-A1AC-F460004C8C00}.Release|Win32.ActiveCfg = Release|Win32
		{71BB8332-981D-445A-A1AC-F460004C8C00}.Release|Win32.Build.0 = Release|Win32
		{71BB8332-981D-445A-A1AC-F460004C8C00}.Release|x86.ActiveCfg = Release|Win32
		{A470989E-579C-4EE7-9BEA-BB10438969A9}.Debug|Mixed Platforms.ActiveCfg = Debug|Win32
		{A470989E-579C-4EE7-9BEA-BB10438969A9}.Debug|Mixed Platforms.Build.0 = Debug|Win32
		{A470989E-579C-4EE7-9BEA-BB10438969A9}.Debug|Win32.ActiveCfg = Debug|Win32
		{A470989E-579C-4EE7-9BEA-BB10438969A9}.Debug|Win32.Build.0 = Debug|Win32
		{A470989E-579C-4EE7-9BEA-BB10438969A9}.Debug|x86.ActiveCfg = Debug|Win32
		{A470989E-579C-4EE7-9BEA-BB10438969A9}.Release|Mixed Platforms.ActiveCfg = Release|Win32
		{A470989E-579C-4EE7-9BEA-BB10438969A9}.Release|Mixed Platforms.Build.0 = Release|Win32
		{A470989E-579C-4EE7-9BEA-BB10438969A9}.Release|Win32.ActiveCfg = Release|Win32
		{A470989E-579C-4EE7-9BEA-BB10438969A9}.Release|Win32.Build.0 = Release|Win32
		{A470989E-579C-4EE7-9BEA-BB10438969A9}.Release|x86.ActiveCfg = Release|Win32
		{7DE17B49-2852-4957-91F6-8C335A1C389E}.Debug|Mixed Platforms.ActiveCfg = Debug|x86
		{7DE17B49-2852-4957-91F6-8C335A1C389E}.Debug|Mixed Platforms.Build.0 = Debug|x86
		{7DE17B49-2852-4957-91F6-8C335A1C389E}.Debug|Win32.ActiveCfg = Debug|x86
		{7DE17B49-2852-4957-91F6-8C335A1C389E}.Debug|x86.ActiveCfg = Debug|x86
		{7DE17B49-2852-4957-91F6-8C335A1C389E}.Debug|x86.Build.0 = Debug|x86
		{7DE17B49-2852-4957-91F6-8C335A1C389E}.Release|Mixed Platforms.ActiveCfg = Release|x86
		{7DE17B49-2852-4957-91F6-8C335A1C389E}.Release|Mixed Platforms.Build.0 = Release|x86
		{7DE17B49-2852-4957-91F6-8C335A1C389E}.Release|Win32.ActiveCfg = Release|x86
		{7DE17B49-2852-4957-91F6-8C335A1C389E}.Release|x86.ActiveCfg = Release|x86
		{7DE17B49-2852-4957-91F6-8C335A1C389E}.Release|x86.Build.0 = Release|x86
	EndGlobalSection
	GlobalSection(SolutionProperties) = preSolution
		HideSolutionNode = FALSE
	EndGlobalSection
EndGlobal
